
Microsoft Visual Studio Solution File, Format Version 12.00
# Visual Studio Version 16
VisualStudioVersion = 16.0.31005.135
MinimumVisualStudioVersion = 10.0.40219.1
Project("{FAE04EC0-301F-11D3-BF4B-00C04F79EFBC}") = "komisi_plus_gajipokok_pegawai_tanpainheritance", "komisi_plus_gajipokok_pegawai_tanpainheritance\komisi_plus_gajipokok_pegawai_tanpainheritance.csproj", "{6AA2B077-EC5E-4C8C-BBD9-AF9F0E671174}"
EndProject
Global
	GlobalSection(SolutionConfigurationPlatforms) = preSolution
		Debug|Any CPU = Debug|Any CPU
		Release|Any CPU = Release|Any CPU
	EndGlobalSection
	GlobalSection(ProjectConfigurationPlatforms) = postSolution
		{6AA2B077-EC5E-4C8C-BBD9-AF9F0E671174}.Debug|Any CPU.ActiveCfg = Debug|Any CPU
		{6AA2B077-EC5E-4C8C-BBD9-AF9F0E671174}.Debug|Any CPU.Build.0 = Debug|Any CPU
		{6AA2B077-EC5E-4C8C-BBD9-AF9F0E671174}.Release|Any CPU.ActiveCfg = Release|Any CPU
		{6AA2B077-EC5E-4C8C-BBD9-AF9F0E671174}.Release|Any CPU.Build.0 = Release|Any CPU
	EndGlobalSection
	GlobalSection(SolutionProperties) = preSolution
		HideSolutionNode = FALSE
	EndGlobalSection
	GlobalSection(ExtensibilityGlobals) = postSolution
		SolutionGuid = {ABF26A0C-AD0E-4DFD-88F8-95B627347F75}
	EndGlobalSection
EndGlobal
